// !$*UTF8*$!
{
	archiveVersion = 1;
	classes = {
	};
	objectVersion = 46;
	objects = {

/* Begin PBXBuildFile section */
		E644750B1AA842C9007C0337 /* CoreLocation.framework in Frameworks */ = {isa = PBXBuildFile; fileRef = E644750A1AA842C9007C0337 /* CoreLocation.framework */; };
		E644750D1AA84A34007C0337 /* MapKit.framework in Frameworks */ = {isa = PBXBuildFile; fileRef = E644750C1AA84A34007C0337 /* MapKit.framework */; };
		E64A39DD1AA83C4500FD3777 /* main.m in Sources */ = {isa = PBXBuildFile; fileRef = E64A39DC1AA83C4500FD3777 /* main.m */; };
		E64A39E01AA83C4500FD3777 /* AppDelegate.m in Sources */ = {isa = PBXBuildFile; fileRef = E64A39DF1AA83C4500FD3777 /* AppDelegate.m */; };
		E64A39E31AA83C4500FD3777 /* ViewController.m in Sources */ = {isa = PBXBuildFile; fileRef = E64A39E21AA83C4500FD3777 /* ViewController.m */; };
		E64A39E61AA83C4500FD3777 /* Main.storyboard in Resources */ = {isa = PBXBuildFile; fileRef = E64A39E41AA83C4500FD3777 /* Main.storyboard */; };
		E64A39E81AA83C4500FD3777 /* Images.xcassets in Resources */ = {isa = PBXBuildFile; fileRef = E64A39E71AA83C4500FD3777 /* Images.xcassets */; };
		E64A39EB1AA83C4500FD3777 /* LaunchScreen.xib in Resources */ = {isa = PBXBuildFile; fileRef = E64A39E91AA83C4500FD3777 /* LaunchScreen.xib */; };
		E64A39F71AA83C4500FD3777 /* LBSDemoTests.m in Sources */ = {isa = PBXBuildFile; fileRef = E64A39F61AA83C4500FD3777 /* LBSDemoTests.m */; };
		E68490431AA943420047E67B /* ASIAuthenticationDialog.m in Sources */ = {isa = PBXBuildFile; fileRef = E6848FF21AA943420047E67B /* ASIAuthenticationDialog.m */; settings = {COMPILER_FLAGS = "-fno-objc-arc"; }; };
		E68490441AA943420047E67B /* ASIDataCompressor.m in Sources */ = {isa = PBXBuildFile; fileRef = E6848FF51AA943420047E67B /* ASIDataCompressor.m */; settings = {COMPILER_FLAGS = "-fno-objc-arc"; }; };
		E68490451AA943420047E67B /* ASIDataDecompressor.m in Sources */ = {isa = PBXBuildFile; fileRef = E6848FF71AA943420047E67B /* ASIDataDecompressor.m */; settings = {COMPILER_FLAGS = "-fno-objc-arc"; }; };
		E68490461AA943420047E67B /* ASIDownloadCache.m in Sources */ = {isa = PBXBuildFile; fileRef = E6848FF91AA943420047E67B /* ASIDownloadCache.m */; settings = {COMPILER_FLAGS = "-fno-objc-arc"; }; };
		E68490471AA943420047E67B /* ASIFormDataRequest.m in Sources */ = {isa = PBXBuildFile; fileRef = E6848FFB1AA943420047E67B /* ASIFormDataRequest.m */; settings = {COMPILER_FLAGS = "-fno-objc-arc"; }; };
		E68490481AA943420047E67B /* ASIHTTPRequest.m in Sources */ = {isa = PBXBuildFile; fileRef = E6848FFD1AA943420047E67B /* ASIHTTPRequest.m */; settings = {COMPILER_FLAGS = "-fno-objc-arc"; }; };
		E68490491AA943420047E67B /* ASIInputStream.m in Sources */ = {isa = PBXBuildFile; fileRef = E68490011AA943420047E67B /* ASIInputStream.m */; settings = {COMPILER_FLAGS = "-fno-objc-arc"; }; };
		E684904A1AA943420047E67B /* ASINetworkQueue.m in Sources */ = {isa = PBXBuildFile; fileRef = E68490031AA943420047E67B /* ASINetworkQueue.m */; settings = {COMPILER_FLAGS = "-fno-objc-arc"; }; };
		E68490691AA943750047E67B /* CFNetwork.framework in Frameworks */ = {isa = PBXBuildFile; fileRef = E68490681AA943750047E67B /* CFNetwork.framework */; };
		E684906B1AA943820047E67B /* SystemConfiguration.framework in Frameworks */ = {isa = PBXBuildFile; fileRef = E684906A1AA943820047E67B /* SystemConfiguration.framework */; };
		E684906D1AA9438A0047E67B /* MobileCoreServices.framework in Frameworks */ = {isa = PBXBuildFile; fileRef = E684906C1AA9438A0047E67B /* MobileCoreServices.framework */; };
		E684906F1AA943910047E67B /* CoreGraphics.framework in Frameworks */ = {isa = PBXBuildFile; fileRef = E684906E1AA943910047E67B /* CoreGraphics.framework */; };
		E68490711AA943A20047E67B /* libz.dylib in Frameworks */ = {isa = PBXBuildFile; fileRef = E68490701AA943A20047E67B /* libz.dylib */; };
		E68490741AA944C10047E67B /* Reachability.m in Sources */ = {isa = PBXBuildFile; fileRef = E68490731AA944C10047E67B /* Reachability.m */; settings = {COMPILER_FLAGS = "-fno-objc-arc"; }; };
		E684908C1AA982FF0047E67B /* LBSSearchController.m in Sources */ = {isa = PBXBuildFile; fileRef = E684908B1AA982FF0047E67B /* LBSSearchController.m */; };
		E68490901AA9911E0047E67B /* JSONKit.m in Sources */ = {isa = PBXBuildFile; fileRef = E684908F1AA9911E0047E67B /* JSONKit.m */; settings = {COMPILER_FLAGS = "-fno-objc-arc"; }; };
		E68490961AA99E050047E67B /* LBSSearchTableViewCell.m in Sources */ = {isa = PBXBuildFile; fileRef = E68490941AA99E050047E67B /* LBSSearchTableViewCell.m */; };
		E68490971AA99E050047E67B /* LBSSearchTableViewCell.xib in Resources */ = {isa = PBXBuildFile; fileRef = E68490951AA99E050047E67B /* LBSSearchTableViewCell.xib */; };
		E6926D251AAAA8F6005C7159 /* SearchLastTableViewCell.m in Sources */ = {isa = PBXBuildFile; fileRef = E6926D231AAAA8F6005C7159 /* SearchLastTableViewCell.m */; };
		E6926D261AAAA8F6005C7159 /* SearchLastTableViewCell.xib in Resources */ = {isa = PBXBuildFile; fileRef = E6926D241AAAA8F6005C7159 /* SearchLastTableViewCell.xib */; };
		E6D5907A1AAB39E3008ED67A /* MakeLocationViewController.m in Sources */ = {isa = PBXBuildFile; fileRef = E6D590781AAB39E3008ED67A /* MakeLocationViewController.m */; };
		E6D5907F1AAB3B86008ED67A /* MakeLocationTableViewCell.m in Sources */ = {isa = PBXBuildFile; fileRef = E6D5907D1AAB3B86008ED67A /* MakeLocationTableViewCell.m */; };
		E6D590801AAB3B86008ED67A /* MakeLocationTableViewCell.xib in Resources */ = {isa = PBXBuildFile; fileRef = E6D5907E1AAB3B86008ED67A /* MakeLocationTableViewCell.xib */; };
/* End PBXBuildFile section */

/* Begin PBXContainerItemProxy section */
		E64A39F11AA83C4500FD3777 /* PBXContainerItemProxy */ = {
			isa = PBXContainerItemProxy;
			containerPortal = E64A39CF1AA83C4400FD3777 /* Project object */;
			proxyType = 1;
			remoteGlobalIDString = E64A39D61AA83C4400FD3777;
			remoteInfo = LBSDemo;
		};
/* End PBXContainerItemProxy section */

/* Begin PBXFileReference section */
		E644750A1AA842C9007C0337 /* CoreLocation.framework */ = {isa = PBXFileReference; lastKnownFileType = wrapper.framework; name = CoreLocation.framework; path = System/Library/Frameworks/CoreLocation.framework; sourceTree = SDKROOT; };
		E644750C1AA84A34007C0337 /* MapKit.framework */ = {isa = PBXFileReference; lastKnownFileType = wrapper.framework; name = MapKit.framework; path = System/Library/Frameworks/MapKit.framework; sourceTree = SDKROOT; };
		E64A39D71AA83C4400FD3777 /* LBSDemo.app */ = {isa = PBXFileReference; explicitFileType = wrapper.application; includeInIndex = 0; path = LBSDemo.app; sourceTree = BUILT_PRODUCTS_DIR; };
		E64A39DB1AA83C4500FD3777 /* Info.plist */ = {isa = PBXFileReference; lastKnownFileType = text.plist.xml; path = Info.plist; sourceTree = "<group>"; };
		E64A39DC1AA83C4500FD3777 /* main.m */ = {isa = PBXFileReference; lastKnownFileType = sourcecode.c.objc; path = main.m; sourceTree = "<group>"; };
		E64A39DE1AA83C4500FD3777 /* AppDelegate.h */ = {isa = PBXFileReference; lastKnownFileType = sourcecode.c.h; path = AppDelegate.h; sourceTree = "<group>"; };
		E64A39DF1AA83C4500FD3777 /* AppDelegate.m */ = {isa = PBXFileReference; lastKnownFileType = sourcecode.c.objc; path = AppDelegate.m; sourceTree = "<group>"; };
		E64A39E11AA83C4500FD3777 /* ViewController.h */ = {isa = PBXFileReference; lastKnownFileType = sourcecode.c.h; path = ViewController.h; sourceTree = "<group>"; };
		E64A39E21AA83C4500FD3777 /* ViewController.m */ = {isa = PBXFileReference; lastKnownFileType = sourcecode.c.objc; path = ViewController.m; sourceTree = "<group>"; };
		E64A39E51AA83C4500FD3777 /* Base */ = {isa = PBXFileReference; lastKnownFileType = file.storyboard; name = Base; path = Base.lproj/Main.storyboard; sourceTree = "<group>"; };
		E64A39E71AA83C4500FD3777 /* Images.xcassets */ = {isa = PBXFileReference; lastKnownFileType = folder.assetcatalog; path = Images.xcassets; sourceTree = "<group>"; };
		E64A39EA1AA83C4500FD3777 /* Base */ = {isa = PBXFileReference; lastKnownFileType = file.xib; name = Base; path = Base.lproj/LaunchScreen.xib; sourceTree = "<group>"; };
		E64A39F01AA83C4500FD3777 /* LBSDemoTests.xctest */ = {isa = PBXFileReference; explicitFileType = wrapper.cfbundle; includeInIndex = 0; path = LBSDemoTests.xctest; sourceTree = BUILT_PRODUCTS_DIR; };
		E64A39F51AA83C4500FD3777 /* Info.plist */ = {isa = PBXFileReference; lastKnownFileType = text.plist.xml; path = Info.plist; sourceTree = "<group>"; };
		E64A39F61AA83C4500FD3777 /* LBSDemoTests.m */ = {isa = PBXFileReference; lastKnownFileType = sourcecode.c.objc; path = LBSDemoTests.m; sourceTree = "<group>"; };
		E6848FF11AA943420047E67B /* ASIAuthenticationDialog.h */ = {isa = PBXFileReference; fileEncoding = 4; lastKnownFileType = sourcecode.c.h; path = ASIAuthenticationDialog.h; sourceTree = "<group>"; };
		E6848FF21AA943420047E67B /* ASIAuthenticationDialog.m */ = {isa = PBXFileReference; fileEncoding = 4; lastKnownFileType = sourcecode.c.objc; path = ASIAuthenticationDialog.m; sourceTree = "<group>"; };
		E6848FF31AA943420047E67B /* ASICacheDelegate.h */ = {isa = PBXFileReference; fileEncoding = 4; lastKnownFileType = sourcecode.c.h; path = ASICacheDelegate.h; sourceTree = "<group>"; };
		E6848FF41AA943420047E67B /* ASIDataCompressor.h */ = {isa = PBXFileReference; fileEncoding = 4; lastKnownFileType = sourcecode.c.h; path = ASIDataCompressor.h; sourceTree = "<group>"; };
		E6848FF51AA943420047E67B /* ASIDataCompressor.m */ = {isa = PBXFileReference; fileEncoding = 4; lastKnownFileType = sourcecode.c.objc; path = ASIDataCompressor.m; sourceTree = "<group>"; };
		E6848FF61AA943420047E67B /* ASIDataDecompressor.h */ = {isa = PBXFileReference; fileEncoding = 4; lastKnownFileType = sourcecode.c.h; path = ASIDataDecompressor.h; sourceTree = "<group>"; };
		E6848FF71AA943420047E67B /* ASIDataDecompressor.m */ = {isa = PBXFileReference; fileEncoding = 4; lastKnownFileType = sourcecode.c.objc; path = ASIDataDecompressor.m; sourceTree = "<group>"; };
		E6848FF81AA943420047E67B /* ASIDownloadCache.h */ = {isa = PBXFileReference; fileEncoding = 4; lastKnownFileType = sourcecode.c.h; path = ASIDownloadCache.h; sourceTree = "<group>"; };
		E6848FF91AA943420047E67B /* ASIDownloadCache.m */ = {isa = PBXFileReference; fileEncoding = 4; lastKnownFileType = sourcecode.c.objc; path = ASIDownloadCache.m; sourceTree = "<group>"; };
		E6848FFA1AA943420047E67B /* ASIFormDataRequest.h */ = {isa = PBXFileReference; fileEncoding = 4; lastKnownFileType = sourcecode.c.h; path = ASIFormDataRequest.h; sourceTree = "<group>"; };
		E6848FFB1AA943420047E67B /* ASIFormDataRequest.m */ = {isa = PBXFileReference; fileEncoding = 4; lastKnownFileType = sourcecode.c.objc; path = ASIFormDataRequest.m; sourceTree = "<group>"; };
		E6848FFC1AA943420047E67B /* ASIHTTPRequest.h */ = {isa = PBXFileReference; fileEncoding = 4; lastKnownFileType = sourcecode.c.h; path = ASIHTTPRequest.h; sourceTree = "<group>"; };
		E6848FFD1AA943420047E67B /* ASIHTTPRequest.m */ = {isa = PBXFileReference; fileEncoding = 4; lastKnownFileType = sourcecode.c.objc; path = ASIHTTPRequest.m; sourceTree = "<group>"; };
		E6848FFE1AA943420047E67B /* ASIHTTPRequestConfig.h */ = {isa = PBXFileReference; fileEncoding = 4; lastKnownFileType = sourcecode.c.h; path = ASIHTTPRequestConfig.h; sourceTree = "<group>"; };
		E6848FFF1AA943420047E67B /* ASIHTTPRequestDelegate.h */ = {isa = PBXFileReference; fileEncoding = 4; lastKnownFileType = sourcecode.c.h; path = ASIHTTPRequestDelegate.h; sourceTree = "<group>"; };
		E68490001AA943420047E67B /* ASIInputStream.h */ = {isa = PBXFileReference; fileEncoding = 4; lastKnownFileType = sourcecode.c.h; path = ASIInputStream.h; sourceTree = "<group>"; };
		E68490011AA943420047E67B /* ASIInputStream.m */ = {isa = PBXFileReference; fileEncoding = 4; lastKnownFileType = sourcecode.c.objc; path = ASIInputStream.m; sourceTree = "<group>"; };
		E68490021AA943420047E67B /* ASINetworkQueue.h */ = {isa = PBXFileReference; fileEncoding = 4; lastKnownFileType = sourcecode.c.h; path = ASINetworkQueue.h; sourceTree = "<group>"; };
		E68490031AA943420047E67B /* ASINetworkQueue.m */ = {isa = PBXFileReference; fileEncoding = 4; lastKnownFileType = sourcecode.c.objc; path = ASINetworkQueue.m; sourceTree = "<group>"; };
		E68490041AA943420047E67B /* ASIProgressDelegate.h */ = {isa = PBXFileReference; fileEncoding = 4; lastKnownFileType = sourcecode.c.h; path = ASIProgressDelegate.h; sourceTree = "<group>"; };
		E68490681AA943750047E67B /* CFNetwork.framework */ = {isa = PBXFileReference; lastKnownFileType = wrapper.framework; name = CFNetwork.framework; path = System/Library/Frameworks/CFNetwork.framework; sourceTree = SDKROOT; };
		E684906A1AA943820047E67B /* SystemConfiguration.framework */ = {isa = PBXFileReference; lastKnownFileType = wrapper.framework; name = SystemConfiguration.framework; path = System/Library/Frameworks/SystemConfiguration.framework; sourceTree = SDKROOT; };
		E684906C1AA9438A0047E67B /* MobileCoreServices.framework */ = {isa = PBXFileReference; lastKnownFileType = wrapper.framework; name = MobileCoreServices.framework; path = System/Library/Frameworks/MobileCoreServices.framework; sourceTree = SDKROOT; };
		E684906E1AA943910047E67B /* CoreGraphics.framework */ = {isa = PBXFileReference; lastKnownFileType = wrapper.framework; name = CoreGraphics.framework; path = System/Library/Frameworks/CoreGraphics.framework; sourceTree = SDKROOT; };
		E68490701AA943A20047E67B /* libz.dylib */ = {isa = PBXFileReference; lastKnownFileType = "compiled.mach-o.dylib"; name = libz.dylib; path = usr/lib/libz.dylib; sourceTree = SDKROOT; };
		E68490721AA944C10047E67B /* Reachability.h */ = {isa = PBXFileReference; fileEncoding = 4; lastKnownFileType = sourcecode.c.h; path = Reachability.h; sourceTree = "<group>"; };
		E68490731AA944C10047E67B /* Reachability.m */ = {isa = PBXFileReference; fileEncoding = 4; lastKnownFileType = sourcecode.c.objc; path = Reachability.m; sourceTree = "<group>"; };
		E684908A1AA982FF0047E67B /* LBSSearchController.h */ = {isa = PBXFileReference; fileEncoding = 4; lastKnownFileType = sourcecode.c.h; path = LBSSearchController.h; sourceTree = "<group>"; };
		E684908B1AA982FF0047E67B /* LBSSearchController.m */ = {isa = PBXFileReference; fileEncoding = 4; lastKnownFileType = sourcecode.c.objc; path = LBSSearchController.m; sourceTree = "<group>"; };
		E684908E1AA9911E0047E67B /* JSONKit.h */ = {isa = PBXFileReference; fileEncoding = 4; lastKnownFileType = sourcecode.c.h; path = JSONKit.h; sourceTree = "<group>"; };
		E684908F1AA9911E0047E67B /* JSONKit.m */ = {isa = PBXFileReference; fileEncoding = 4; lastKnownFileType = sourcecode.c.objc; path = JSONKit.m; sourceTree = "<group>"; };
		E68490931AA99E050047E67B /* LBSSearchTableViewCell.h */ = {isa = PBXFileReference; fileEncoding = 4; lastKnownFileType = sourcecode.c.h; path = LBSSearchTableViewCell.h; sourceTree = "<group>"; };
		E68490941AA99E050047E67B /* LBSSearchTableViewCell.m */ = {isa = PBXFileReference; fileEncoding = 4; lastKnownFileType = sourcecode.c.objc; path = LBSSearchTableViewCell.m; sourceTree = "<group>"; };
		E68490951AA99E050047E67B /* LBSSearchTableViewCell.xib */ = {isa = PBXFileReference; fileEncoding = 4; lastKnownFileType = file.xib; path = LBSSearchTableViewCell.xib; sourceTree = "<group>"; };
		E6926D221AAAA8F6005C7159 /* SearchLastTableViewCell.h */ = {isa = PBXFileReference; fileEncoding = 4; lastKnownFileType = sourcecode.c.h; path = SearchLastTableViewCell.h; sourceTree = "<group>"; };
		E6926D231AAAA8F6005C7159 /* SearchLastTableViewCell.m */ = {isa = PBXFileReference; fileEncoding = 4; lastKnownFileType = sourcecode.c.objc; path = SearchLastTableViewCell.m; sourceTree = "<group>"; };
		E6926D241AAAA8F6005C7159 /* SearchLastTableViewCell.xib */ = {isa = PBXFileReference; fileEncoding = 4; lastKnownFileType = file.xib; path = SearchLastTableViewCell.xib; sourceTree = "<group>"; };
		E6D590771AAB39E3008ED67A /* MakeLocationViewController.h */ = {isa = PBXFileReference; fileEncoding = 4; lastKnownFileType = sourcecode.c.h; path = MakeLocationViewController.h; sourceTree = "<group>"; };
		E6D590781AAB39E3008ED67A /* MakeLocationViewController.m */ = {isa = PBXFileReference; fileEncoding = 4; lastKnownFileType = sourcecode.c.objc; path = MakeLocationViewController.m; sourceTree = "<group>"; };
		E6D5907C1AAB3B86008ED67A /* MakeLocationTableViewCell.h */ = {isa = PBXFileReference; fileEncoding = 4; lastKnownFileType = sourcecode.c.h; path = MakeLocationTableViewCell.h; sourceTree = "<group>"; };
		E6D5907D1AAB3B86008ED67A /* MakeLocationTableViewCell.m */ = {isa = PBXFileReference; fileEncoding = 4; lastKnownFileType = sourcecode.c.objc; path = MakeLocationTableViewCell.m; sourceTree = "<group>"; };
		E6D5907E1AAB3B86008ED67A /* MakeLocationTableViewCell.xib */ = {isa = PBXFileReference; fileEncoding = 4; lastKnownFileType = file.xib; path = MakeLocationTableViewCell.xib; sourceTree = "<group>"; };
/* End PBXFileReference section */

/* Begin PBXFrameworksBuildPhase section */
		E64A39D41AA83C4400FD3777 /* Frameworks */ = {
			isa = PBXFrameworksBuildPhase;
			buildActionMask = 2147483647;
			files = (
				E68490711AA943A20047E67B /* libz.dylib in Frameworks */,
				E684906F1AA943910047E67B /* CoreGraphics.framework in Frameworks */,
				E684906D1AA9438A0047E67B /* MobileCoreServices.framework in Frameworks */,
				E684906B1AA943820047E67B /* SystemConfiguration.framework in Frameworks */,
				E68490691AA943750047E67B /* CFNetwork.framework in Frameworks */,
				E644750D1AA84A34007C0337 /* MapKit.framework in Frameworks */,
				E644750B1AA842C9007C0337 /* CoreLocation.framework in Frameworks */,
			);
			runOnlyForDeploymentPostprocessing = 0;
		};
		E64A39ED1AA83C4500FD3777 /* Frameworks */ = {
			isa = PBXFrameworksBuildPhase;
			buildActionMask = 2147483647;
			files = (
			);
			runOnlyForDeploymentPostprocessing = 0;
		};
/* End PBXFrameworksBuildPhase section */

/* Begin PBXGroup section */
		E64A39CE1AA83C4400FD3777 = {
			isa = PBXGroup;
			children = (
				E68490701AA943A20047E67B /* libz.dylib */,
				E684906E1AA943910047E67B /* CoreGraphics.framework */,
				E684906C1AA9438A0047E67B /* MobileCoreServices.framework */,
				E684906A1AA943820047E67B /* SystemConfiguration.framework */,
				E68490681AA943750047E67B /* CFNetwork.framework */,
				E644750C1AA84A34007C0337 /* MapKit.framework */,
				E644750A1AA842C9007C0337 /* CoreLocation.framework */,
				E64A39D91AA83C4400FD3777 /* LBSDemo */,
				E64A39F31AA83C4500FD3777 /* LBSDemoTests */,
				E64A39D81AA83C4400FD3777 /* Products */,
			);
			sourceTree = "<group>";
		};
		E64A39D81AA83C4400FD3777 /* Products */ = {
			isa = PBXGroup;
			children = (
				E64A39D71AA83C4400FD3777 /* LBSDemo.app */,
				E64A39F01AA83C4500FD3777 /* LBSDemoTests.xctest */,
			);
			name = Products;
			sourceTree = "<group>";
		};
		E64A39D91AA83C4400FD3777 /* LBSDemo */ = {
			isa = PBXGroup;
			children = (
				E684908D1AA9911E0047E67B /* JSONKIT */,
				E6848FF01AA943420047E67B /* ASIHTTPRequest */,
				E64A39DE1AA83C4500FD3777 /* AppDelegate.h */,
				E64A39DF1AA83C4500FD3777 /* AppDelegate.m */,
				E64A39E11AA83C4500FD3777 /* ViewController.h */,
				E64A39E21AA83C4500FD3777 /* ViewController.m */,
				E684908A1AA982FF0047E67B /* LBSSearchController.h */,
				E684908B1AA982FF0047E67B /* LBSSearchController.m */,
				E68490931AA99E050047E67B /* LBSSearchTableViewCell.h */,
				E68490941AA99E050047E67B /* LBSSearchTableViewCell.m */,
				E68490951AA99E050047E67B /* LBSSearchTableViewCell.xib */,
				E6926D221AAAA8F6005C7159 /* SearchLastTableViewCell.h */,
				E6926D231AAAA8F6005C7159 /* SearchLastTableViewCell.m */,
				E6926D241AAAA8F6005C7159 /* SearchLastTableViewCell.xib */,
				E6D590771AAB39E3008ED67A /* MakeLocationViewController.h */,
				E6D590781AAB39E3008ED67A /* MakeLocationViewController.m */,
				E6D5907C1AAB3B86008ED67A /* MakeLocationTableViewCell.h */,
				E6D5907D1AAB3B86008ED67A /* MakeLocationTableViewCell.m */,
				E6D5907E1AAB3B86008ED67A /* MakeLocationTableViewCell.xib */,
				E64A39E41AA83C4500FD3777 /* Main.storyboard */,
				E64A39E71AA83C4500FD3777 /* Images.xcassets */,
				E64A39E91AA83C4500FD3777 /* LaunchScreen.xib */,
				E64A39DA1AA83C4500FD3777 /* Supporting Files */,
			);
			path = LBSDemo;
			sourceTree = "<group>";
		};
		E64A39DA1AA83C4500FD3777 /* Supporting Files */ = {
			isa = PBXGroup;
			children = (
				E64A39DB1AA83C4500FD3777 /* Info.plist */,
				E64A39DC1AA83C4500FD3777 /* main.m */,
			);
			name = "Supporting Files";
			sourceTree = "<group>";
		};
		E64A39F31AA83C4500FD3777 /* LBSDemoTests */ = {
			isa = PBXGroup;
			children = (
				E64A39F61AA83C4500FD3777 /* LBSDemoTests.m */,
				E64A39F41AA83C4500FD3777 /* Supporting Files */,
			);
			path = LBSDemoTests;
			sourceTree = "<group>";
		};
		E64A39F41AA83C4500FD3777 /* Supporting Files */ = {
			isa = PBXGroup;
			children = (
				E64A39F51AA83C4500FD3777 /* Info.plist */,
			);
			name = "Supporting Files";
			sourceTree = "<group>";
		};
		E6848FF01AA943420047E67B /* ASIHTTPRequest */ = {
			isa = PBXGroup;
			children = (
				E6848FF11AA943420047E67B /* ASIAuthenticationDialog.h */,
				E6848FF21AA943420047E67B /* ASIAuthenticationDialog.m */,
				E6848FF31AA943420047E67B /* ASICacheDelegate.h */,
				E6848FF41AA943420047E67B /* ASIDataCompressor.h */,
				E6848FF51AA943420047E67B /* ASIDataCompressor.m */,
				E6848FF61AA943420047E67B /* ASIDataDecompressor.h */,
				E6848FF71AA943420047E67B /* ASIDataDecompressor.m */,
				E6848FF81AA943420047E67B /* ASIDownloadCache.h */,
				E6848FF91AA943420047E67B /* ASIDownloadCache.m */,
				E6848FFA1AA943420047E67B /* ASIFormDataRequest.h */,
				E6848FFB1AA943420047E67B /* ASIFormDataRequest.m */,
				E6848FFC1AA943420047E67B /* ASIHTTPRequest.h */,
				E6848FFD1AA943420047E67B /* ASIHTTPRequest.m */,
				E6848FFE1AA943420047E67B /* ASIHTTPRequestConfig.h */,
				E6848FFF1AA943420047E67B /* ASIHTTPRequestDelegate.h */,
				E68490001AA943420047E67B /* ASIInputStream.h */,
				E68490011AA943420047E67B /* ASIInputStream.m */,
				E68490021AA943420047E67B /* ASINetworkQueue.h */,
				E68490031AA943420047E67B /* ASINetworkQueue.m */,
				E68490041AA943420047E67B /* ASIProgressDelegate.h */,
				E68490721AA944C10047E67B /* Reachability.h */,
				E68490731AA944C10047E67B /* Reachability.m */,
			);
			path = ASIHTTPRequest;
			sourceTree = "<group>";
		};
		E684908D1AA9911E0047E67B /* JSONKIT */ = {
			isa = PBXGroup;
			children = (
				E684908E1AA9911E0047E67B /* JSONKit.h */,
				E684908F1AA9911E0047E67B /* JSONKit.m */,
			);
			path = JSONKIT;
			sourceTree = "<group>";
		};
/* End PBXGroup section */

/* Begin PBXNativeTarget section */
		E64A39D61AA83C4400FD3777 /* LBSDemo */ = {
			isa = PBXNativeTarget;
			buildConfigurationList = E64A39FA1AA83C4500FD3777 /* Build configuration list for PBXNativeTarget "LBSDemo" */;
			buildPhases = (
				E64A39D31AA83C4400FD3777 /* Sources */,
				E64A39D41AA83C4400FD3777 /* Frameworks */,
				E64A39D51AA83C4400FD3777 /* Resources */,
			);
			buildRules = (
			);
			dependencies = (
			);
			name = LBSDemo;
			productName = LBSDemo;
			productReference = E64A39D71AA83C4400FD3777 /* LBSDemo.app */;
			productType = "com.apple.product-type.application";
		};
		E64A39EF1AA83C4500FD3777 /* LBSDemoTests */ = {
			isa = PBXNativeTarget;
			buildConfigurationList = E64A39FD1AA83C4500FD3777 /* Build configuration list for PBXNativeTarget "LBSDemoTests" */;
			buildPhases = (
				E64A39EC1AA83C4500FD3777 /* Sources */,
				E64A39ED1AA83C4500FD3777 /* Frameworks */,
				E64A39EE1AA83C4500FD3777 /* Resources */,
			);
			buildRules = (
			);
			dependencies = (
				E64A39F21AA83C4500FD3777 /* PBXTargetDependency */,
			);
			name = LBSDemoTests;
			productName = LBSDemoTests;
			productReference = E64A39F01AA83C4500FD3777 /* LBSDemoTests.xctest */;
			productType = "com.apple.product-type.bundle.unit-test";
		};
/* End PBXNativeTarget section */

/* Begin PBXProject section */
		E64A39CF1AA83C4400FD3777 /* Project object */ = {
			isa = PBXProject;
			attributes = {
				LastUpgradeCheck = 0600;
				ORGANIZATIONNAME = 51mvbox;
				TargetAttributes = {
					E64A39D61AA83C4400FD3777 = {
						CreatedOnToolsVersion = 6.0.1;
						DevelopmentTeam = PL54F4LJG7;
						SystemCapabilities = {
							com.apple.Maps.iOS = {
								enabled = 1;
							};
						};
					};
					E64A39EF1AA83C4500FD3777 = {
						CreatedOnToolsVersion = 6.0.1;
						TestTargetID = E64A39D61AA83C4400FD3777;
					};
				};
			};
			buildConfigurationList = E64A39D21AA83C4400FD3777 /* Build configuration list for PBXProject "LBSDemo" */;
			compatibilityVersion = "Xcode 3.2";
			developmentRegion = English;
			hasScannedForEncodings = 0;
			knownRegions = (
				en,
				Base,
			);
			mainGroup = E64A39CE1AA83C4400FD3777;
			productRefGroup = E64A39D81AA83C4400FD3777 /* Products */;
			projectDirPath = "";
			projectRoot = "";
			targets = (
				E64A39D61AA83C4400FD3777 /* LBSDemo */,
				E64A39EF1AA83C4500FD3777 /* LBSDemoTests */,
			);
		};
/* End PBXProject section */

/* Begin PBXResourcesBuildPhase section */
		E64A39D51AA83C4400FD3777 /* Resources */ = {
			isa = PBXResourcesBuildPhase;
			buildActionMask = 2147483647;
			files = (
				E64A39E61AA83C4500FD3777 /* Main.storyboard in Resources */,
				E68490971AA99E050047E67B /* LBSSearchTableViewCell.xib in Resources */,
				E6926D261AAAA8F6005C7159 /* SearchLastTableViewCell.xib in Resources */,
				E64A39EB1AA83C4500FD3777 /* LaunchScreen.xib in Resources */,
				E6D590801AAB3B86008ED67A /* MakeLocationTableViewCell.xib in Resources */,
				E64A39E81AA83C4500FD3777 /* Images.xcassets in Resources */,
			);
			runOnlyForDeploymentPostprocessing = 0;
		};
		E64A39EE1AA83C4500FD3777 /* Resources */ = {
			isa = PBXResourcesBuildPhase;
			buildActionMask = 2147483647;
			files = (
			);
			runOnlyForDeploymentPostprocessing = 0;
		};
/* End PBXResourcesBuildPhase section */

/* Begin PBXSourcesBuildPhase section */
		E64A39D31AA83C4400FD3777 /* Sources */ = {
			isa = PBXSourcesBuildPhase;
			buildActionMask = 2147483647;
			files = (
				E68490441AA943420047E67B /* ASIDataCompressor.m in Sources */,
				E6926D251AAAA8F6005C7159 /* SearchLastTableViewCell.m in Sources */,
				E64A39E31AA83C4500FD3777 /* ViewController.m in Sources */,
				E68490481AA943420047E67B /* ASIHTTPRequest.m in Sources */,
				E68490431AA943420047E67B /* ASIAuthenticationDialog.m in Sources */,
				E68490471AA943420047E67B /* ASIFormDataRequest.m in Sources */,
				E64A39E01AA83C4500FD3777 /* AppDelegate.m in Sources */,
				E68490491AA943420047E67B /* ASIInputStream.m in Sources */,
				E64A39DD1AA83C4500FD3777 /* main.m in Sources */,
				E684904A1AA943420047E67B /* ASINetworkQueue.m in Sources */,
				E68490451AA943420047E67B /* ASIDataDecompressor.m in Sources */,
				E68490741AA944C10047E67B /* Reachability.m in Sources */,
				E68490461AA943420047E67B /* ASIDownloadCache.m in Sources */,
				E68490901AA9911E0047E67B /* JSONKit.m in Sources */,
				E684908C1AA982FF0047E67B /* LBSSearchController.m in Sources */,
				E68490961AA99E050047E67B /* LBSSearchTableViewCell.m in Sources */,
				E6D5907F1AAB3B86008ED67A /* MakeLocationTableViewCell.m in Sources */,
				E6D5907A1AAB39E3008ED67A /* MakeLocationViewController.m in Sources */,
			);
			runOnlyForDeploymentPostprocessing = 0;
		};
		E64A39EC1AA83C4500FD3777 /* Sources */ = {
			isa = PBXSourcesBuildPhase;
			buildActionMask = 2147483647;
			files = (
				E64A39F71AA83C4500FD3777 /* LBSDemoTests.m in Sources */,
			);
			runOnlyForDeploymentPostprocessing = 0;
		};
/* End PBXSourcesBuildPhase section */

/* Begin PBXTargetDependency section */
		E64A39F21AA83C4500FD3777 /* PBXTargetDependency */ = {
			isa = PBXTargetDependency;
			target = E64A39D61AA83C4400FD3777 /* LBSDemo */;
			targetProxy = E64A39F11AA83C4500FD3777 /* PBXContainerItemProxy */;
		};
/* End PBXTargetDependency section */

/* Begin PBXVariantGroup section */
		E64A39E41AA83C4500FD3777 /* Main.storyboard */ = {
			isa = PBXVariantGroup;
			children = (
				E64A39E51AA83C4500FD3777 /* Base */,
			);
			name = Main.storyboard;
			sourceTree = "<group>";
		};
		E64A39E91AA83C4500FD3777 /* LaunchScreen.xib */ = {
			isa = PBXVariantGroup;
			children = (
				E64A39EA1AA83C4500FD3777 /* Base */,
			);
			name = LaunchScreen.xib;
			sourceTree = "<group>";
		};
/* End PBXVariantGroup section */

/* Begin XCBuildConfiguration section */
		E64A39F81AA83C4500FD3777 /* Debug */ = {
			isa = XCBuildConfiguration;
			buildSettings = {
				ALWAYS_SEARCH_USER_PATHS = NO;
				CLANG_CXX_LANGUAGE_STANDARD = "gnu++0x";
				CLANG_CXX_LIBRARY = "libc++";
				CLANG_ENABLE_MODULES = YES;
				CLANG_ENABLE_OBJC_ARC = YES;
				CLANG_WARN_BOOL_CONVERSION = YES;
				CLANG_WARN_CONSTANT_CONVERSION = YES;
				CLANG_WARN_DIRECT_OBJC_ISA_USAGE = YES_ERROR;
				CLANG_WARN_EMPTY_BODY = YES;
				CLANG_WARN_ENUM_CONVERSION = YES;
				CLANG_WARN_INT_CONVERSION = YES;
				CLANG_WARN_OBJC_ROOT_CLASS = YES_ERROR;
				CLANG_WARN_UNREACHABLE_CODE = YES;
				CLANG_WARN__DUPLICATE_METHOD_MATCH = YES;
				"CODE_SIGN_IDENTITY[sdk=iphoneos*]" = "iPhone Developer";
				COPY_PHASE_STRIP = NO;
				ENABLE_STRICT_OBJC_MSGSEND = YES;
				GCC_C_LANGUAGE_STANDARD = gnu99;
				GCC_DYNAMIC_NO_PIC = NO;
				GCC_OPTIMIZATION_LEVEL = 0;
				GCC_PREPROCESSOR_DEFINITIONS = (
					"DEBUG=1",
					"$(inherited)",
				);
				GCC_SYMBOLS_PRIVATE_EXTERN = NO;
				GCC_WARN_64_TO_32_BIT_CONVERSION = YES;
				GCC_WARN_ABOUT_RETURN_TYPE = YES_ERROR;
				GCC_WARN_UNDECLARED_SELECTOR = YES;
				GCC_WARN_UNINITIALIZED_AUTOS = YES_AGGRESSIVE;
				GCC_WARN_UNUSED_FUNCTION = YES;
				GCC_WARN_UNUSED_VARIABLE = YES;
				IPHONEOS_DEPLOYMENT_TARGET = 8.0;
				MTL_ENABLE_DEBUG_INFO = YES;
				ONLY_ACTIVE_ARCH = YES;
				SDKROOT = iphoneos;
			};
			name = Debug;
		};
		E64A39F91AA83C4500FD3777 /* Release */ = {
			isa = XCBuildConfiguration;
			buildSettings = {
				ALWAYS_SEARCH_USER_PATHS = NO;
				CLANG_CXX_LANGUAGE_STANDARD = "gnu++0x";
				CLANG_CXX_LIBRARY = "libc++";
				CLANG_ENABLE_MODULES = YES;
				CLANG_ENABLE_OBJC_ARC = YES;
				CLANG_WARN_BOOL_CONVERSION = YES;
				CLANG_WARN_CONSTANT_CONVERSION = YES;
				CLANG_WARN_DIRECT_OBJC_ISA_USAGE = YES_ERROR;
				CLANG_WARN_EMPTY_BODY = YES;
				CLANG_WARN_ENUM_CONVERSION = YES;
				CLANG_WARN_INT_CONVERSION = YES;
				CLANG_WARN_OBJC_ROOT_CLASS = YES_ERROR;
				CLANG_WARN_UNREACHABLE_CODE = YES;
				CLANG_WARN__DUPLICATE_METHOD_MATCH = YES;
				"CODE_SIGN_IDENTITY[sdk=iphoneos*]" = "iPhone Developer";
				COPY_PHASE_STRIP = YES;
				ENABLE_NS_ASSERTIONS = NO;
				ENABLE_STRICT_OBJC_MSGSEND = YES;
				GCC_C_LANGUAGE_STANDARD = gnu99;
				GCC_WARN_64_TO_32_BIT_CONVERSION = YES;
				GCC_WARN_ABOUT_RETURN_TYPE = YES_ERROR;
				GCC_WARN_UNDECLARED_SELECTOR = YES;
				GCC_WARN_UNINITIALIZED_AUTOS = YES_AGGRESSIVE;
				GCC_WARN_UNUSED_FUNCTION = YES;
				GCC_WARN_UNUSED_VARIABLE = YES;
				IPHONEOS_DEPLOYMENT_TARGET = 8.0;
				MTL_ENABLE_DEBUG_INFO = NO;
				SDKROOT = iphoneos;
				VALIDATE_PRODUCT = YES;
			};
			name = Release;
		};
		E64A39FB1AA83C4500FD3777 /* Debug */ = {
			isa = XCBuildConfiguration;
			buildSettings = {
				ASSETCATALOG_COMPILER_APPICON_NAME = AppIcon;
				CODE_SIGN_IDENTITY = "iPhone Developer";
				INFOPLIST_FILE = LBSDemo/Info.plist;
				LD_RUNPATH_SEARCH_PATHS = "$(inherited) @executable_path/Frameworks";
				PRODUCT_NAME = "$(TARGET_NAME)";
			};
			name = Debug;
		};
		E64A39FC1AA83C4500FD3777 /* Release */ = {
			isa = XCBuildConfiguration;
			buildSettings = {
				ASSETCATALOG_COMPILER_APPICON_NAME = AppIcon;
				CODE_SIGN_IDENTITY = "iPhone Developer";
				INFOPLIST_FILE = LBSDemo/Info.plist;
				LD_RUNPATH_SEARCH_PATHS = "$(inherited) @executable_path/Frameworks";
				PRODUCT_NAME = "$(TARGET_NAME)";
			};
			name = Release;
		};
		E64A39FE1AA83C4500FD3777 /* Debug */ = {
			isa = XCBuildConfiguration;
			buildSettings = {
				BUNDLE_LOADER = "$(TEST_HOST)";
				FRAMEWORK_SEARCH_PATHS = (
					"$(SDKROOT)/Developer/Library/Frameworks",
					"$(inherited)",
				);
				GCC_PREPROCESSOR_DEFINITIONS = (
					"DEBUG=1",
					"$(inherited)",
				);
				INFOPLIST_FILE = LBSDemoTests/Info.plist;
				LD_RUNPATH_SEARCH_PATHS = "$(inherited) @executable_path/Frameworks @loader_path/Frameworks";
				PRODUCT_NAME = "$(TARGET_NAME)";
				TEST_HOST = "$(BUILT_PRODUCTS_DIR)/LBSDemo.app/LBSDemo";
			};
			name = Debug;
		};
		E64A39FF1AA83C4500FD3777 /* Release */ = {
			isa = XCBuildConfiguration;
			buildSettings = {
				BUNDLE_LOADER = "$(TEST_HOST)";
				FRAMEWORK_SEARCH_PATHS = (
					"$(SDKROOT)/Developer/Library/Frameworks",
					"$(inherited)",
				);
				INFOPLIST_FILE = LBSDemoTests/Info.plist;
				LD_RUNPATH_SEARCH_PATHS = "$(inherited) @executable_path/Frameworks @loader_path/Frameworks";
				PRODUCT_NAME = "$(TARGET_NAME)";
				TEST_HOST = "$(BUILT_PRODUCTS_DIR)/LBSDemo.app/LBSDemo";
			};
			name = Release;
		};
/* End XCBuildConfiguration section */

/* Begin XCConfigurationList section */
		E64A39D21AA83C4400FD3777 /* Build configuration list for PBXProject "LBSDemo" */ = {
			isa = XCConfigurationList;
			buildConfigurations = (
				E64A39F81AA83C4500FD3777 /* Debug */,
				E64A39F91AA83C4500FD3777 /* Release */,
			);
			defaultConfigurationIsVisible = 0;
			defaultConfigurationName = Release;
		};
		E64A39FA1AA83C4500FD3777 /* Build configuration list for PBXNativeTarget "LBSDemo" */ = {
			isa = XCConfigurationList;
			buildConfigurations = (
				E64A39FB1AA83C4500FD3777 /* Debug */,
				E64A39FC1AA83C4500FD3777 /* Release */,
			);
			defaultConfigurationIsVisible = 0;
			defaultConfigurationName = Release;
		};
		E64A39FD1AA83C4500FD3777 /* Build configuration list for PBXNativeTarget "LBSDemoTests" */ = {
			isa = XCConfigurationList;
			buildConfigurations = (
				E64A39FE1AA83C4500FD3777 /* Debug */,
				E64A39FF1AA83C4500FD3777 /* Release */,
			);
			defaultConfigurationIsVisible = 0;
			defaultConfigurationName = Release;
		};
/* End XCConfigurationList section */
	};
	rootObject = E64A39CF1AA83C4400FD3777 /* Project object */;
}
